{
  "requires": true,
  "lockfileVersion": 1,
  "dependencies": {
    "angular-typing-animation": {
      "version": "0.5.4",
      "resolved": "https://registry.npmjs.org/angular-typing-animation/-/angular-typing-animation-0.5.4.tgz",
      "integrity": "sha512-HY7kdL/RNRcQRBpIVarD1W4SzTTZDZFSfFU/dUdlWwniXya5XTZTCA/jHTVEauQFZp3vdf2ARTWvSS3UJjxN7A=="
    }
  }
}
